
Microsoft Visual Studio Solution File, Format Version 12.00
# Visual Studio Version 17
VisualStudioVersion = 17.5.33627.172
MinimumVisualStudioVersion = 10.0.40219.1
Project("{FAE04EC0-301F-11D3-BF4B-00C04F79EFBC}") = "Users", "Inclass5_RM\Users.csproj", "{31402F70-144E-4C6A-AE8A-F51356E22069}"
EndProject
Global
	GlobalSection(SolutionConfigurationPlatforms) = preSolution
		Debug|Any CPU = Debug|Any CPU
		Release|Any CPU = Release|Any CPU
	EndGlobalSection
	GlobalSection(ProjectConfigurationPlatforms) = postSolution
		{31402F70-144E-4C6A-AE8A-F51356E22069}.Debug|Any CPU.ActiveCfg = Debug|Any CPU
		{31402F70-144E-4C6A-AE8A-F51356E22069}.Debug|Any CPU.Build.0 = Debug|Any CPU
		{31402F70-144E-4C6A-AE8A-F51356E22069}.Release|Any CPU.ActiveCfg = Release|Any CPU
		{31402F70-144E-4C6A-AE8A-F51356E22069}.Release|Any CPU.Build.0 = Release|Any CPU
	EndGlobalSection
	GlobalSection(SolutionProperties) = preSolution
		HideSolutionNode = FALSE
	EndGlobalSection
	GlobalSection(ExtensibilityGlobals) = postSolution
		SolutionGuid = {02C07187-139C-4A69-9E76-069ED7019781}
	EndGlobalSection
EndGlobal
